// !$*UTF8*$!
{
	archiveVersion = 1;
	classes = {
	};
	objectVersion = 56;
	objects = {

/* Begin PBXBuildFile section */
		4C3190622BF1E3A70025E65D /* Main.swift in Sources */ = {isa = PBXBuildFile; fileRef = 4C3190612BF1E3A70025E65D /* Main.swift */; };
		4C3190662BF1EE060025E65D /* SignIn.swift in Sources */ = {isa = PBXBuildFile; fileRef = 4C3190652BF1EE060025E65D /* SignIn.swift */; };
		4C3190682BF1EF140025E65D /* Home.swift in Sources */ = {isa = PBXBuildFile; fileRef = 4C3190672BF1EF140025E65D /* Home.swift */; };
		4C31906A2BF1EFC80025E65D /* TimeList.swift in Sources */ = {isa = PBXBuildFile; fileRef = 4C3190692BF1EFC80025E65D /* TimeList.swift */; };
		4C31906C2BF351A40025E65D /* Start.swift in Sources */ = {isa = PBXBuildFile; fileRef = 4C31906B2BF351A40025E65D /* Start.swift */; };
		4CCDCD7D2BF4E2A100DB91D1 /* MainTabView.swift in Sources */ = {isa = PBXBuildFile; fileRef = 4CCDCD7C2BF4E2A100DB91D1 /* MainTabView.swift */; };
		4CCDCD7F2BF5002800DB91D1 /* AuthViewModel.swift in Sources */ = {isa = PBXBuildFile; fileRef = 4CCDCD7E2BF5002800DB91D1 /* AuthViewModel.swift */; };
		4CCDCD812BF5F48000DB91D1 /* MovieRow.swift in Sources */ = {isa = PBXBuildFile; fileRef = 4CCDCD802BF5F48000DB91D1 /* MovieRow.swift */; };
		4CCDCD832BF5F4A800DB91D1 /* MovieDetailsView.swift in Sources */ = {isa = PBXBuildFile; fileRef = 4CCDCD822BF5F4A800DB91D1 /* MovieDetailsView.swift */; };
		C4381C9D2BF1D6B4003BD69C /* SignUp.swift in Sources */ = {isa = PBXBuildFile; fileRef = C4381C9C2BF1D6B4003BD69C /* SignUp.swift */; };
		C4381C9F2BF1D6B6003BD69C /* Assets.xcassets in Resources */ = {isa = PBXBuildFile; fileRef = C4381C9E2BF1D6B6003BD69C /* Assets.xcassets */; };
		C4381CA22BF1D6B6003BD69C /* Preview Assets.xcassets in Resources */ = {isa = PBXBuildFile; fileRef = C4381CA12BF1D6B6003BD69C /* Preview Assets.xcassets */; };
		C4381CAC2BF1D6B6003BD69C /* Ios_Assignment3Tests.swift in Sources */ = {isa = PBXBuildFile; fileRef = C4381CAB2BF1D6B6003BD69C /* Ios_Assignment3Tests.swift */; };
		C4381CB62BF1D6B6003BD69C /* Ios_Assignment3UITests.swift in Sources */ = {isa = PBXBuildFile; fileRef = C4381CB52BF1D6B6003BD69C /* Ios_Assignment3UITests.swift */; };
		C4381CB82BF1D6B6003BD69C /* Ios_Assignment3UITestsLaunchTests.swift in Sources */ = {isa = PBXBuildFile; fileRef = C4381CB72BF1D6B6003BD69C /* Ios_Assignment3UITestsLaunchTests.swift */; };
		C4381CC92BF1E208003BD69C /* Main.swift in Sources */ = {isa = PBXBuildFile; fileRef = C4381CC82BF1E208003BD69C /* Main.swift */; };
		C4381CCB2BF1EE9D003BD69C /* SeatSelectView.swift in Sources */ = {isa = PBXBuildFile; fileRef = C4381CCA2BF1EE9D003BD69C /* SeatSelectView.swift */; };
		C4381CCD2BF1F135003BD69C /* SeatButton.swift in Sources */ = {isa = PBXBuildFile; fileRef = C4381CCC2BF1F135003BD69C /* SeatButton.swift */; };
		C4381CCF2BF3B461003BD69C /* ReserveView.swift in Sources */ = {isa = PBXBuildFile; fileRef = C4381CCE2BF3B461003BD69C /* ReserveView.swift */; };
		C4381CD12BF524CC003BD69C /* Reservation.swift in Sources */ = {isa = PBXBuildFile; fileRef = C4381CD02BF524CC003BD69C /* Reservation.swift */; };
		C4381CD32BF52624003BD69C /* PersistenceManager.swift in Sources */ = {isa = PBXBuildFile; fileRef = C4381CD22BF52624003BD69C /* PersistenceManager.swift */; };
		C4381CD52BF5274B003BD69C /* HomeView.swift in Sources */ = {isa = PBXBuildFile; fileRef = C4381CD42BF5274B003BD69C /* HomeView.swift */; };
		C4381CD72BF5302C003BD69C /* ReservationDetailView.swift in Sources */ = {isa = PBXBuildFile; fileRef = C4381CD62BF5302C003BD69C /* ReservationDetailView.swift */; };
		C4381CD92BF530D0003BD69C /* ReservationsView.swift in Sources */ = {isa = PBXBuildFile; fileRef = C4381CD82BF530D0003BD69C /* ReservationsView.swift */; };
/* End PBXBuildFile section */

/* Begin PBXContainerItemProxy section */
		C4381CA82BF1D6B6003BD69C /* PBXContainerItemProxy */ = {
			isa = PBXContainerItemProxy;
			containerPortal = C4381C8F2BF1D6B4003BD69C /* Project object */;
			proxyType = 1;
			remoteGlobalIDString = C4381C962BF1D6B4003BD69C;
			remoteInfo = Ios_Assignment3;
		};
		C4381CB22BF1D6B6003BD69C /* PBXContainerItemProxy */ = {
			isa = PBXContainerItemProxy;
			containerPortal = C4381C8F2BF1D6B4003BD69C /* Project object */;
			proxyType = 1;
			remoteGlobalIDString = C4381C962BF1D6B4003BD69C;
			remoteInfo = Ios_Assignment3;
		};
/* End PBXContainerItemProxy section */

/* Begin PBXFileReference section */
		4C3190612BF1E3A70025E65D /* Main.swift */ = {isa = PBXFileReference; lastKnownFileType = sourcecode.swift; path = Main.swift; sourceTree = "<group>"; };
		4C3190652BF1EE060025E65D /* SignIn.swift */ = {isa = PBXFileReference; lastKnownFileType = sourcecode.swift; path = SignIn.swift; sourceTree = "<group>"; };
		4C3190672BF1EF140025E65D /* Home.swift */ = {isa = PBXFileReference; lastKnownFileType = sourcecode.swift; path = Home.swift; sourceTree = "<group>"; };
		4C3190692BF1EFC80025E65D /* TimeList.swift */ = {isa = PBXFileReference; lastKnownFileType = sourcecode.swift; path = TimeList.swift; sourceTree = "<group>"; };
		4C31906B2BF351A40025E65D /* Start.swift */ = {isa = PBXFileReference; lastKnownFileType = sourcecode.swift; path = Start.swift; sourceTree = "<group>"; };
		4CCDCD7C2BF4E2A100DB91D1 /* MainTabView.swift */ = {isa = PBXFileReference; lastKnownFileType = sourcecode.swift; path = MainTabView.swift; sourceTree = "<group>"; };
		4CCDCD7E2BF5002800DB91D1 /* AuthViewModel.swift */ = {isa = PBXFileReference; lastKnownFileType = sourcecode.swift; path = AuthViewModel.swift; sourceTree = "<group>"; };
		4CCDCD802BF5F48000DB91D1 /* MovieRow.swift */ = {isa = PBXFileReference; lastKnownFileType = sourcecode.swift; path = MovieRow.swift; sourceTree = "<group>"; };
		4CCDCD822BF5F4A800DB91D1 /* MovieDetailsView.swift */ = {isa = PBXFileReference; lastKnownFileType = sourcecode.swift; path = MovieDetailsView.swift; sourceTree = "<group>"; };
		C4381C972BF1D6B4003BD69C /* Ios_Assignment3.app */ = {isa = PBXFileReference; explicitFileType = wrapper.application; includeInIndex = 0; path = Ios_Assignment3.app; sourceTree = BUILT_PRODUCTS_DIR; };
		C4381C9C2BF1D6B4003BD69C /* SignUp.swift */ = {isa = PBXFileReference; lastKnownFileType = sourcecode.swift; path = SignUp.swift; sourceTree = "<group>"; };
		C4381C9E2BF1D6B6003BD69C /* Assets.xcassets */ = {isa = PBXFileReference; lastKnownFileType = folder.assetcatalog; path = Assets.xcassets; sourceTree = "<group>"; };
		C4381CA12BF1D6B6003BD69C /* Preview Assets.xcassets */ = {isa = PBXFileReference; lastKnownFileType = folder.assetcatalog; path = "Preview Assets.xcassets"; sourceTree = "<group>"; };
		C4381CA72BF1D6B6003BD69C /* Ios_Assignment3Tests.xctest */ = {isa = PBXFileReference; explicitFileType = wrapper.cfbundle; includeInIndex = 0; path = Ios_Assignment3Tests.xctest; sourceTree = BUILT_PRODUCTS_DIR; };
		C4381CAB2BF1D6B6003BD69C /* Ios_Assignment3Tests.swift */ = {isa = PBXFileReference; lastKnownFileType = sourcecode.swift; path = Ios_Assignment3Tests.swift; sourceTree = "<group>"; };
		C4381CB12BF1D6B6003BD69C /* Ios_Assignment3UITests.xctest */ = {isa = PBXFileReference; explicitFileType = wrapper.cfbundle; includeInIndex = 0; path = Ios_Assignment3UITests.xctest; sourceTree = BUILT_PRODUCTS_DIR; };
		C4381CB52BF1D6B6003BD69C /* Ios_Assignment3UITests.swift */ = {isa = PBXFileReference; lastKnownFileType = sourcecode.swift; path = Ios_Assignment3UITests.swift; sourceTree = "<group>"; };
		C4381CB72BF1D6B6003BD69C /* Ios_Assignment3UITestsLaunchTests.swift */ = {isa = PBXFileReference; lastKnownFileType = sourcecode.swift; path = Ios_Assignment3UITestsLaunchTests.swift; sourceTree = "<group>"; };
		C4381CC82BF1E208003BD69C /* Main.swift */ = {isa = PBXFileReference; lastKnownFileType = sourcecode.swift; path = Main.swift; sourceTree = "<group>"; };
		C4381CCA2BF1EE9D003BD69C /* SeatSelectView.swift */ = {isa = PBXFileReference; lastKnownFileType = sourcecode.swift; path = SeatSelectView.swift; sourceTree = "<group>"; };
		C4381CCC2BF1F135003BD69C /* SeatButton.swift */ = {isa = PBXFileReference; lastKnownFileType = sourcecode.swift; path = SeatButton.swift; sourceTree = "<group>"; };
		C4381CCE2BF3B461003BD69C /* ReserveView.swift */ = {isa = PBXFileReference; lastKnownFileType = sourcecode.swift; path = ReserveView.swift; sourceTree = "<group>"; };
		C4381CD02BF524CC003BD69C /* Reservation.swift */ = {isa = PBXFileReference; lastKnownFileType = sourcecode.swift; path = Reservation.swift; sourceTree = "<group>"; };
		C4381CD22BF52624003BD69C /* PersistenceManager.swift */ = {isa = PBXFileReference; lastKnownFileType = sourcecode.swift; path = PersistenceManager.swift; sourceTree = "<group>"; };
		C4381CD42BF5274B003BD69C /* HomeView.swift */ = {isa = PBXFileReference; lastKnownFileType = sourcecode.swift; path = HomeView.swift; sourceTree = "<group>"; };
		C4381CD62BF5302C003BD69C /* ReservationDetailView.swift */ = {isa = PBXFileReference; lastKnownFileType = sourcecode.swift; path = ReservationDetailView.swift; sourceTree = "<group>"; };
		C4381CD82BF530D0003BD69C /* ReservationsView.swift */ = {isa = PBXFileReference; lastKnownFileType = sourcecode.swift; path = ReservationsView.swift; sourceTree = "<group>"; };
/* End PBXFileReference section */

/* Begin PBXFrameworksBuildPhase section */
		C4381C942BF1D6B4003BD69C /* Frameworks */ = {
			isa = PBXFrameworksBuildPhase;
			buildActionMask = 2147483647;
			files = (
			);
			runOnlyForDeploymentPostprocessing = 0;
		};
		C4381CA42BF1D6B6003BD69C /* Frameworks */ = {
			isa = PBXFrameworksBuildPhase;
			buildActionMask = 2147483647;
			files = (
			);
			runOnlyForDeploymentPostprocessing = 0;
		};
		C4381CAE2BF1D6B6003BD69C /* Frameworks */ = {
			isa = PBXFrameworksBuildPhase;
			buildActionMask = 2147483647;
			files = (
			);
			runOnlyForDeploymentPostprocessing = 0;
		};
/* End PBXFrameworksBuildPhase section */

/* Begin PBXGroup section */
		C4381C8E2BF1D6B4003BD69C = {
			isa = PBXGroup;
			children = (
				C4381C992BF1D6B4003BD69C /* Ios_Assignment3 */,
				C4381CAA2BF1D6B6003BD69C /* Ios_Assignment3Tests */,
				C4381CB42BF1D6B6003BD69C /* Ios_Assignment3UITests */,
				C4381C982BF1D6B4003BD69C /* Products */,
			);
			sourceTree = "<group>";
		};
		C4381C982BF1D6B4003BD69C /* Products */ = {
			isa = PBXGroup;
			children = (
				C4381C972BF1D6B4003BD69C /* Ios_Assignment3.app */,
				C4381CA72BF1D6B6003BD69C /* Ios_Assignment3Tests.xctest */,
				C4381CB12BF1D6B6003BD69C /* Ios_Assignment3UITests.xctest */,
			);
			name = Products;
			sourceTree = "<group>";
		};
		C4381C992BF1D6B4003BD69C /* Ios_Assignment3 */ = {
			isa = PBXGroup;
			children = (

				C4381CCA2BF1EE9D003BD69C /* SeatSelectView.swift */,
				C4381CCC2BF1F135003BD69C /* SeatButton.swift */,
				C4381CCE2BF3B461003BD69C /* ReserveView.swift */,
				C4381CD22BF52624003BD69C /* PersistenceManager.swift */,
				C4381CD02BF524CC003BD69C /* Reservation.swift */,
				C4381CD42BF5274B003BD69C /* HomeView.swift */,
				C4381CD62BF5302C003BD69C /* ReservationDetailView.swift */,
				C4381CD82BF530D0003BD69C /* ReservationsView.swift */,
				4C3190612BF1E3A70025E65D /* Main.swift */,
				4C31906B2BF351A40025E65D /* Start.swift */,
				C4381C9C2BF1D6B4003BD69C /* SignUp.swift */,
				4C3190652BF1EE060025E65D /* SignIn.swift */,
				4C3190672BF1EF140025E65D /* Home.swift */,
				4CCDCD802BF5F48000DB91D1 /* MovieRow.swift */,
				4CCDCD7E2BF5002800DB91D1 /* AuthViewModel.swift */,
				4C3190692BF1EFC80025E65D /* TimeList.swift */,
				4CCDCD7C2BF4E2A100DB91D1 /* MainTabView.swift */,
				C4381C9E2BF1D6B6003BD69C /* Assets.xcassets */,
				C4381CA02BF1D6B6003BD69C /* Preview Content */,
				4CCDCD822BF5F4A800DB91D1 /* MovieDetailsView.swift */,
			);
			path = Ios_Assignment3;
			sourceTree = "<group>";
		};
		C4381CA02BF1D6B6003BD69C /* Preview Content */ = {
			isa = PBXGroup;
			children = (
				C4381CA12BF1D6B6003BD69C /* Preview Assets.xcassets */,
			);
			path = "Preview Content";
			sourceTree = "<group>";
		};
		C4381CAA2BF1D6B6003BD69C /* Ios_Assignment3Tests */ = {
			isa = PBXGroup;
			children = (
				C4381CAB2BF1D6B6003BD69C /* Ios_Assignment3Tests.swift */,
			);
			path = Ios_Assignment3Tests;
			sourceTree = "<group>";
		};
		C4381CB42BF1D6B6003BD69C /* Ios_Assignment3UITests */ = {
			isa = PBXGroup;
			children = (
				C4381CB52BF1D6B6003BD69C /* Ios_Assignment3UITests.swift */,
				C4381CB72BF1D6B6003BD69C /* Ios_Assignment3UITestsLaunchTests.swift */,
			);
			path = Ios_Assignment3UITests;
			sourceTree = "<group>";
		};
/* End PBXGroup section */

/* Begin PBXNativeTarget section */
		C4381C962BF1D6B4003BD69C /* Ios_Assignment3 */ = {
			isa = PBXNativeTarget;
			buildConfigurationList = C4381CBB2BF1D6B6003BD69C /* Build configuration list for PBXNativeTarget "Ios_Assignment3" */;
			buildPhases = (
				C4381C932BF1D6B4003BD69C /* Sources */,
				C4381C942BF1D6B4003BD69C /* Frameworks */,
				C4381C952BF1D6B4003BD69C /* Resources */,
			);
			buildRules = (
			);
			dependencies = (
			);
			name = Ios_Assignment3;
			productName = Ios_Assignment3;
			productReference = C4381C972BF1D6B4003BD69C /* Ios_Assignment3.app */;
			productType = "com.apple.product-type.application";
		};
		C4381CA62BF1D6B6003BD69C /* Ios_Assignment3Tests */ = {
			isa = PBXNativeTarget;
			buildConfigurationList = C4381CBE2BF1D6B6003BD69C /* Build configuration list for PBXNativeTarget "Ios_Assignment3Tests" */;
			buildPhases = (
				C4381CA32BF1D6B6003BD69C /* Sources */,
				C4381CA42BF1D6B6003BD69C /* Frameworks */,
				C4381CA52BF1D6B6003BD69C /* Resources */,
			);
			buildRules = (
			);
			dependencies = (
				C4381CA92BF1D6B6003BD69C /* PBXTargetDependency */,
			);
			name = Ios_Assignment3Tests;
			productName = Ios_Assignment3Tests;
			productReference = C4381CA72BF1D6B6003BD69C /* Ios_Assignment3Tests.xctest */;
			productType = "com.apple.product-type.bundle.unit-test";
		};
		C4381CB02BF1D6B6003BD69C /* Ios_Assignment3UITests */ = {
			isa = PBXNativeTarget;
			buildConfigurationList = C4381CC12BF1D6B6003BD69C /* Build configuration list for PBXNativeTarget "Ios_Assignment3UITests" */;
			buildPhases = (
				C4381CAD2BF1D6B6003BD69C /* Sources */,
				C4381CAE2BF1D6B6003BD69C /* Frameworks */,
				C4381CAF2BF1D6B6003BD69C /* Resources */,
			);
			buildRules = (
			);
			dependencies = (
				C4381CB32BF1D6B6003BD69C /* PBXTargetDependency */,
			);
			name = Ios_Assignment3UITests;
			productName = Ios_Assignment3UITests;
			productReference = C4381CB12BF1D6B6003BD69C /* Ios_Assignment3UITests.xctest */;
			productType = "com.apple.product-type.bundle.ui-testing";
		};
/* End PBXNativeTarget section */

/* Begin PBXProject section */
		C4381C8F2BF1D6B4003BD69C /* Project object */ = {
			isa = PBXProject;
			attributes = {
				BuildIndependentTargetsInParallel = 1;
				LastSwiftUpdateCheck = 1500;
				LastUpgradeCheck = 1500;
				TargetAttributes = {
					C4381C962BF1D6B4003BD69C = {
						CreatedOnToolsVersion = 15.0.1;
					};
					C4381CA62BF1D6B6003BD69C = {
						CreatedOnToolsVersion = 15.0.1;
						TestTargetID = C4381C962BF1D6B4003BD69C;
					};
					C4381CB02BF1D6B6003BD69C = {
						CreatedOnToolsVersion = 15.0.1;
						TestTargetID = C4381C962BF1D6B4003BD69C;
					};
				};
			};
			buildConfigurationList = C4381C922BF1D6B4003BD69C /* Build configuration list for PBXProject "Ios_Assignment3" */;
			compatibilityVersion = "Xcode 14.0";
			developmentRegion = en;
			hasScannedForEncodings = 0;
			knownRegions = (
				en,
				Base,
			);
			mainGroup = C4381C8E2BF1D6B4003BD69C;
			productRefGroup = C4381C982BF1D6B4003BD69C /* Products */;
			projectDirPath = "";
			projectRoot = "";
			targets = (
				C4381C962BF1D6B4003BD69C /* Ios_Assignment3 */,
				C4381CA62BF1D6B6003BD69C /* Ios_Assignment3Tests */,
				C4381CB02BF1D6B6003BD69C /* Ios_Assignment3UITests */,
			);
		};
/* End PBXProject section */

/* Begin PBXResourcesBuildPhase section */
		C4381C952BF1D6B4003BD69C /* Resources */ = {
			isa = PBXResourcesBuildPhase;
			buildActionMask = 2147483647;
			files = (
				C4381CA22BF1D6B6003BD69C /* Preview Assets.xcassets in Resources */,
				C4381C9F2BF1D6B6003BD69C /* Assets.xcassets in Resources */,
			);
			runOnlyForDeploymentPostprocessing = 0;
		};
		C4381CA52BF1D6B6003BD69C /* Resources */ = {
			isa = PBXResourcesBuildPhase;
			buildActionMask = 2147483647;
			files = (
			);
			runOnlyForDeploymentPostprocessing = 0;
		};
		C4381CAF2BF1D6B6003BD69C /* Resources */ = {
			isa = PBXResourcesBuildPhase;
			buildActionMask = 2147483647;
			files = (
			);
			runOnlyForDeploymentPostprocessing = 0;
		};
/* End PBXResourcesBuildPhase section */

/* Begin PBXSourcesBuildPhase section */
		C4381C932BF1D6B4003BD69C /* Sources */ = {
			isa = PBXSourcesBuildPhase;
			buildActionMask = 2147483647;
			files = (
				C4381CCD2BF1F135003BD69C /* SeatButton.swift in Sources */,
				C4381CD52BF5274B003BD69C /* HomeView.swift in Sources */,
				C4381CD92BF530D0003BD69C /* ReservationsView.swift in Sources */,
				C4381CD12BF524CC003BD69C /* Reservation.swift in Sources */,
				C4381CD32BF52624003BD69C /* PersistenceManager.swift in Sources */,
				C4381CCB2BF1EE9D003BD69C /* SeatSelectView.swift in Sources */,
				C4381CD72BF5302C003BD69C /* ReservationDetailView.swift in Sources */,
				C4381CCF2BF3B461003BD69C /* ReserveView.swift in Sources */,
				4C3190662BF1EE060025E65D /* SignIn.swift in Sources */,
				4C3190622BF1E3A70025E65D /* Main.swift in Sources */,
				4C3190682BF1EF140025E65D /* Home.swift in Sources */,
				4C31906A2BF1EFC80025E65D /* TimeList.swift in Sources */,
				4CCDCD832BF5F4A800DB91D1 /* MovieDetailsView.swift in Sources */,
				4CCDCD7F2BF5002800DB91D1 /* AuthViewModel.swift in Sources */,
				4CCDCD7D2BF4E2A100DB91D1 /* MainTabView.swift in Sources */,
				4C31906C2BF351A40025E65D /* Start.swift in Sources */,
				4CCDCD812BF5F48000DB91D1 /* MovieRow.swift in Sources */,
				C4381C9D2BF1D6B4003BD69C /* SignUp.swift in Sources */,
			);
			runOnlyForDeploymentPostprocessing = 0;
		};
		C4381CA32BF1D6B6003BD69C /* Sources */ = {
			isa = PBXSourcesBuildPhase;
			buildActionMask = 2147483647;
			files = (
				C4381CAC2BF1D6B6003BD69C /* Ios_Assignment3Tests.swift in Sources */,
			);
			runOnlyForDeploymentPostprocessing = 0;
		};
		C4381CAD2BF1D6B6003BD69C /* Sources */ = {
			isa = PBXSourcesBuildPhase;
			buildActionMask = 2147483647;
			files = (
				C4381CB62BF1D6B6003BD69C /* Ios_Assignment3UITests.swift in Sources */,
				C4381CB82BF1D6B6003BD69C /* Ios_Assignment3UITestsLaunchTests.swift in Sources */,
			);
			runOnlyForDeploymentPostprocessing = 0;
		};
/* End PBXSourcesBuildPhase section */

/* Begin PBXTargetDependency section */
		C4381CA92BF1D6B6003BD69C /* PBXTargetDependency */ = {
			isa = PBXTargetDependency;
			target = C4381C962BF1D6B4003BD69C /* Ios_Assignment3 */;
			targetProxy = C4381CA82BF1D6B6003BD69C /* PBXContainerItemProxy */;
		};
		C4381CB32BF1D6B6003BD69C /* PBXTargetDependency */ = {
			isa = PBXTargetDependency;
			target = C4381C962BF1D6B4003BD69C /* Ios_Assignment3 */;
			targetProxy = C4381CB22BF1D6B6003BD69C /* PBXContainerItemProxy */;
		};
/* End PBXTargetDependency section */

/* Begin XCBuildConfiguration section */
		C4381CB92BF1D6B6003BD69C /* Debug */ = {
			isa = XCBuildConfiguration;
			buildSettings = {
				ALWAYS_SEARCH_USER_PATHS = NO;
				ASSETCATALOG_COMPILER_GENERATE_SWIFT_ASSET_SYMBOL_EXTENSIONS = YES;
				CLANG_ANALYZER_NONNULL = YES;
				CLANG_ANALYZER_NUMBER_OBJECT_CONVERSION = YES_AGGRESSIVE;
				CLANG_CXX_LANGUAGE_STANDARD = "gnu++20";
				CLANG_ENABLE_MODULES = YES;
				CLANG_ENABLE_OBJC_ARC = YES;
				CLANG_ENABLE_OBJC_WEAK = YES;
				CLANG_WARN_BLOCK_CAPTURE_AUTORELEASING = YES;
				CLANG_WARN_BOOL_CONVERSION = YES;
				CLANG_WARN_COMMA = YES;
				CLANG_WARN_CONSTANT_CONVERSION = YES;
				CLANG_WARN_DEPRECATED_OBJC_IMPLEMENTATIONS = YES;
				CLANG_WARN_DIRECT_OBJC_ISA_USAGE = YES_ERROR;
				CLANG_WARN_DOCUMENTATION_COMMENTS = YES;
				CLANG_WARN_EMPTY_BODY = YES;
				CLANG_WARN_ENUM_CONVERSION = YES;
				CLANG_WARN_INFINITE_RECURSION = YES;
				CLANG_WARN_INT_CONVERSION = YES;
				CLANG_WARN_NON_LITERAL_NULL_CONVERSION = YES;
				CLANG_WARN_OBJC_IMPLICIT_RETAIN_SELF = YES;
				CLANG_WARN_OBJC_LITERAL_CONVERSION = YES;
				CLANG_WARN_OBJC_ROOT_CLASS = YES_ERROR;
				CLANG_WARN_QUOTED_INCLUDE_IN_FRAMEWORK_HEADER = YES;
				CLANG_WARN_RANGE_LOOP_ANALYSIS = YES;
				CLANG_WARN_STRICT_PROTOTYPES = YES;
				CLANG_WARN_SUSPICIOUS_MOVE = YES;
				CLANG_WARN_UNGUARDED_AVAILABILITY = YES_AGGRESSIVE;
				CLANG_WARN_UNREACHABLE_CODE = YES;
				CLANG_WARN__DUPLICATE_METHOD_MATCH = YES;
				COPY_PHASE_STRIP = NO;
				DEBUG_INFORMATION_FORMAT = dwarf;
				ENABLE_STRICT_OBJC_MSGSEND = YES;
				ENABLE_TESTABILITY = YES;
				ENABLE_USER_SCRIPT_SANDBOXING = YES;
				GCC_C_LANGUAGE_STANDARD = gnu17;
				GCC_DYNAMIC_NO_PIC = NO;
				GCC_NO_COMMON_BLOCKS = YES;
				GCC_OPTIMIZATION_LEVEL = 0;
				GCC_PREPROCESSOR_DEFINITIONS = (
					"DEBUG=1",
					"$(inherited)",
				);
				GCC_WARN_64_TO_32_BIT_CONVERSION = YES;
				GCC_WARN_ABOUT_RETURN_TYPE = YES_ERROR;
				GCC_WARN_UNDECLARED_SELECTOR = YES;
				GCC_WARN_UNINITIALIZED_AUTOS = YES_AGGRESSIVE;
				GCC_WARN_UNUSED_FUNCTION = YES;
				GCC_WARN_UNUSED_VARIABLE = YES;
				IPHONEOS_DEPLOYMENT_TARGET = 17.0;
				LOCALIZATION_PREFERS_STRING_CATALOGS = YES;
				MTL_ENABLE_DEBUG_INFO = INCLUDE_SOURCE;
				MTL_FAST_MATH = YES;
				ONLY_ACTIVE_ARCH = YES;
				SDKROOT = iphoneos;
				SWIFT_ACTIVE_COMPILATION_CONDITIONS = "DEBUG $(inherited)";
				SWIFT_OPTIMIZATION_LEVEL = "-Onone";
			};
			name = Debug;
		};
		C4381CBA2BF1D6B6003BD69C /* Release */ = {
			isa = XCBuildConfiguration;
			buildSettings = {
				ALWAYS_SEARCH_USER_PATHS = NO;
				ASSETCATALOG_COMPILER_GENERATE_SWIFT_ASSET_SYMBOL_EXTENSIONS = YES;
				CLANG_ANALYZER_NONNULL = YES;
				CLANG_ANALYZER_NUMBER_OBJECT_CONVERSION = YES_AGGRESSIVE;
				CLANG_CXX_LANGUAGE_STANDARD = "gnu++20";
				CLANG_ENABLE_MODULES = YES;
				CLANG_ENABLE_OBJC_ARC = YES;
				CLANG_ENABLE_OBJC_WEAK = YES;
				CLANG_WARN_BLOCK_CAPTURE_AUTORELEASING = YES;
				CLANG_WARN_BOOL_CONVERSION = YES;
				CLANG_WARN_COMMA = YES;
				CLANG_WARN_CONSTANT_CONVERSION = YES;
				CLANG_WARN_DEPRECATED_OBJC_IMPLEMENTATIONS = YES;
				CLANG_WARN_DIRECT_OBJC_ISA_USAGE = YES_ERROR;
				CLANG_WARN_DOCUMENTATION_COMMENTS = YES;
				CLANG_WARN_EMPTY_BODY = YES;
				CLANG_WARN_ENUM_CONVERSION = YES;
				CLANG_WARN_INFINITE_RECURSION = YES;
				CLANG_WARN_INT_CONVERSION = YES;
				CLANG_WARN_NON_LITERAL_NULL_CONVERSION = YES;
				CLANG_WARN_OBJC_IMPLICIT_RETAIN_SELF = YES;
				CLANG_WARN_OBJC_LITERAL_CONVERSION = YES;
				CLANG_WARN_OBJC_ROOT_CLASS = YES_ERROR;
				CLANG_WARN_QUOTED_INCLUDE_IN_FRAMEWORK_HEADER = YES;
				CLANG_WARN_RANGE_LOOP_ANALYSIS = YES;
				CLANG_WARN_STRICT_PROTOTYPES = YES;
				CLANG_WARN_SUSPICIOUS_MOVE = YES;
				CLANG_WARN_UNGUARDED_AVAILABILITY = YES_AGGRESSIVE;
				CLANG_WARN_UNREACHABLE_CODE = YES;
				CLANG_WARN__DUPLICATE_METHOD_MATCH = YES;
				COPY_PHASE_STRIP = NO;
				DEBUG_INFORMATION_FORMAT = "dwarf-with-dsym";
				ENABLE_NS_ASSERTIONS = NO;
				ENABLE_STRICT_OBJC_MSGSEND = YES;
				ENABLE_USER_SCRIPT_SANDBOXING = YES;
				GCC_C_LANGUAGE_STANDARD = gnu17;
				GCC_NO_COMMON_BLOCKS = YES;
				GCC_WARN_64_TO_32_BIT_CONVERSION = YES;
				GCC_WARN_ABOUT_RETURN_TYPE = YES_ERROR;
				GCC_WARN_UNDECLARED_SELECTOR = YES;
				GCC_WARN_UNINITIALIZED_AUTOS = YES_AGGRESSIVE;
				GCC_WARN_UNUSED_FUNCTION = YES;
				GCC_WARN_UNUSED_VARIABLE = YES;
				IPHONEOS_DEPLOYMENT_TARGET = 17.0;
				LOCALIZATION_PREFERS_STRING_CATALOGS = YES;
				MTL_ENABLE_DEBUG_INFO = NO;
				MTL_FAST_MATH = YES;
				SDKROOT = iphoneos;
				SWIFT_COMPILATION_MODE = wholemodule;
				VALIDATE_PRODUCT = YES;
			};
			name = Release;
		};
		C4381CBC2BF1D6B6003BD69C /* Debug */ = {
			isa = XCBuildConfiguration;
			buildSettings = {
				ASSETCATALOG_COMPILER_APPICON_NAME = AppIcon;
				ASSETCATALOG_COMPILER_GLOBAL_ACCENT_COLOR_NAME = AccentColor;
				CODE_SIGN_STYLE = Automatic;
				CURRENT_PROJECT_VERSION = 1;
				DEVELOPMENT_ASSET_PATHS = "\"Ios_Assignment3/Preview Content\"";
				DEVELOPMENT_TEAM = ZPTB6SYN55;
				ENABLE_PREVIEWS = YES;
				GENERATE_INFOPLIST_FILE = YES;
				INFOPLIST_KEY_UIApplicationSceneManifest_Generation = YES;
				INFOPLIST_KEY_UIApplicationSupportsIndirectInputEvents = YES;
				INFOPLIST_KEY_UILaunchScreen_Generation = YES;
				INFOPLIST_KEY_UISupportedInterfaceOrientations_iPad = "UIInterfaceOrientationPortrait UIInterfaceOrientationPortraitUpsideDown UIInterfaceOrientationLandscapeLeft UIInterfaceOrientationLandscapeRight";
				INFOPLIST_KEY_UISupportedInterfaceOrientations_iPhone = "UIInterfaceOrientationPortrait UIInterfaceOrientationLandscapeLeft UIInterfaceOrientationLandscapeRight";
				LD_RUNPATH_SEARCH_PATHS = (
					"$(inherited)",
					"@executable_path/Frameworks",
				);
				MARKETING_VERSION = 1.0;
				PRODUCT_BUNDLE_IDENTIFIER = "com.assignment.Ios-Assignment3";
				PRODUCT_NAME = "$(TARGET_NAME)";
				SWIFT_EMIT_LOC_STRINGS = YES;
				SWIFT_VERSION = 5.0;
				TARGETED_DEVICE_FAMILY = "1,2";
			};
			name = Debug;
		};
		C4381CBD2BF1D6B6003BD69C /* Release */ = {
			isa = XCBuildConfiguration;
			buildSettings = {
				ASSETCATALOG_COMPILER_APPICON_NAME = AppIcon;
				ASSETCATALOG_COMPILER_GLOBAL_ACCENT_COLOR_NAME = AccentColor;
				CODE_SIGN_STYLE = Automatic;
				CURRENT_PROJECT_VERSION = 1;
				DEVELOPMENT_ASSET_PATHS = "\"Ios_Assignment3/Preview Content\"";
				DEVELOPMENT_TEAM = ZPTB6SYN55;
				ENABLE_PREVIEWS = YES;
				GENERATE_INFOPLIST_FILE = YES;
				INFOPLIST_KEY_UIApplicationSceneManifest_Generation = YES;
				INFOPLIST_KEY_UIApplicationSupportsIndirectInputEvents = YES;
				INFOPLIST_KEY_UILaunchScreen_Generation = YES;
				INFOPLIST_KEY_UISupportedInterfaceOrientations_iPad = "UIInterfaceOrientationPortrait UIInterfaceOrientationPortraitUpsideDown UIInterfaceOrientationLandscapeLeft UIInterfaceOrientationLandscapeRight";
				INFOPLIST_KEY_UISupportedInterfaceOrientations_iPhone = "UIInterfaceOrientationPortrait UIInterfaceOrientationLandscapeLeft UIInterfaceOrientationLandscapeRight";
				LD_RUNPATH_SEARCH_PATHS = (
					"$(inherited)",
					"@executable_path/Frameworks",
				);
				MARKETING_VERSION = 1.0;
				PRODUCT_BUNDLE_IDENTIFIER = "com.assignment.Ios-Assignment3";
				PRODUCT_NAME = "$(TARGET_NAME)";
				SWIFT_EMIT_LOC_STRINGS = YES;
				SWIFT_VERSION = 5.0;
				TARGETED_DEVICE_FAMILY = "1,2";
			};
			name = Release;
		};
		C4381CBF2BF1D6B6003BD69C /* Debug */ = {
			isa = XCBuildConfiguration;
			buildSettings = {
				ALWAYS_EMBED_SWIFT_STANDARD_LIBRARIES = YES;
				BUNDLE_LOADER = "$(TEST_HOST)";
				CODE_SIGN_STYLE = Automatic;
				CURRENT_PROJECT_VERSION = 1;
				DEVELOPMENT_TEAM = ZPTB6SYN55;
				GENERATE_INFOPLIST_FILE = YES;
				IPHONEOS_DEPLOYMENT_TARGET = 17.0;
				MARKETING_VERSION = 1.0;
				PRODUCT_BUNDLE_IDENTIFIER = "com.assignment.Ios-Assignment3Tests";
				PRODUCT_NAME = "$(TARGET_NAME)";
				SWIFT_EMIT_LOC_STRINGS = NO;
				SWIFT_VERSION = 5.0;
				TARGETED_DEVICE_FAMILY = "1,2";
				TEST_HOST = "$(BUILT_PRODUCTS_DIR)/Ios_Assignment3.app/$(BUNDLE_EXECUTABLE_FOLDER_PATH)/Ios_Assignment3";
			};
			name = Debug;
		};
		C4381CC02BF1D6B6003BD69C /* Release */ = {
			isa = XCBuildConfiguration;
			buildSettings = {
				ALWAYS_EMBED_SWIFT_STANDARD_LIBRARIES = YES;
				BUNDLE_LOADER = "$(TEST_HOST)";
				CODE_SIGN_STYLE = Automatic;
				CURRENT_PROJECT_VERSION = 1;
				DEVELOPMENT_TEAM = ZPTB6SYN55;
				GENERATE_INFOPLIST_FILE = YES;
				IPHONEOS_DEPLOYMENT_TARGET = 17.0;
				MARKETING_VERSION = 1.0;
				PRODUCT_BUNDLE_IDENTIFIER = "com.assignment.Ios-Assignment3Tests";
				PRODUCT_NAME = "$(TARGET_NAME)";
				SWIFT_EMIT_LOC_STRINGS = NO;
				SWIFT_VERSION = 5.0;
				TARGETED_DEVICE_FAMILY = "1,2";
				TEST_HOST = "$(BUILT_PRODUCTS_DIR)/Ios_Assignment3.app/$(BUNDLE_EXECUTABLE_FOLDER_PATH)/Ios_Assignment3";
			};
			name = Release;
		};
		C4381CC22BF1D6B6003BD69C /* Debug */ = {
			isa = XCBuildConfiguration;
			buildSettings = {
				ALWAYS_EMBED_SWIFT_STANDARD_LIBRARIES = YES;
				CODE_SIGN_STYLE = Automatic;
				CURRENT_PROJECT_VERSION = 1;
				DEVELOPMENT_TEAM = ZPTB6SYN55;
				GENERATE_INFOPLIST_FILE = YES;
				MARKETING_VERSION = 1.0;
				PRODUCT_BUNDLE_IDENTIFIER = "com.assignment.Ios-Assignment3UITests";
				PRODUCT_NAME = "$(TARGET_NAME)";
				SWIFT_EMIT_LOC_STRINGS = NO;
				SWIFT_VERSION = 5.0;
				TARGETED_DEVICE_FAMILY = "1,2";
				TEST_TARGET_NAME = Ios_Assignment3;
			};
			name = Debug;
		};
		C4381CC32BF1D6B6003BD69C /* Release */ = {
			isa = XCBuildConfiguration;
			buildSettings = {
				ALWAYS_EMBED_SWIFT_STANDARD_LIBRARIES = YES;
				CODE_SIGN_STYLE = Automatic;
				CURRENT_PROJECT_VERSION = 1;
				DEVELOPMENT_TEAM = ZPTB6SYN55;
				GENERATE_INFOPLIST_FILE = YES;
				MARKETING_VERSION = 1.0;
				PRODUCT_BUNDLE_IDENTIFIER = "com.assignment.Ios-Assignment3UITests";
				PRODUCT_NAME = "$(TARGET_NAME)";
				SWIFT_EMIT_LOC_STRINGS = NO;
				SWIFT_VERSION = 5.0;
				TARGETED_DEVICE_FAMILY = "1,2";
				TEST_TARGET_NAME = Ios_Assignment3;
			};
			name = Release;
		};
/* End XCBuildConfiguration section */

/* Begin XCConfigurationList section */
		C4381C922BF1D6B4003BD69C /* Build configuration list for PBXProject "Ios_Assignment3" */ = {
			isa = XCConfigurationList;
			buildConfigurations = (
				C4381CB92BF1D6B6003BD69C /* Debug */,
				C4381CBA2BF1D6B6003BD69C /* Release */,
			);
			defaultConfigurationIsVisible = 0;
			defaultConfigurationName = Release;
		};
		C4381CBB2BF1D6B6003BD69C /* Build configuration list for PBXNativeTarget "Ios_Assignment3" */ = {
			isa = XCConfigurationList;
			buildConfigurations = (
				C4381CBC2BF1D6B6003BD69C /* Debug */,
				C4381CBD2BF1D6B6003BD69C /* Release */,
			);
			defaultConfigurationIsVisible = 0;
			defaultConfigurationName = Release;
		};
		C4381CBE2BF1D6B6003BD69C /* Build configuration list for PBXNativeTarget "Ios_Assignment3Tests" */ = {
			isa = XCConfigurationList;
			buildConfigurations = (
				C4381CBF2BF1D6B6003BD69C /* Debug */,
				C4381CC02BF1D6B6003BD69C /* Release */,
			);
			defaultConfigurationIsVisible = 0;
			defaultConfigurationName = Release;
		};
		C4381CC12BF1D6B6003BD69C /* Build configuration list for PBXNativeTarget "Ios_Assignment3UITests" */ = {
			isa = XCConfigurationList;
			buildConfigurations = (
				C4381CC22BF1D6B6003BD69C /* Debug */,
				C4381CC32BF1D6B6003BD69C /* Release */,
			);
			defaultConfigurationIsVisible = 0;
			defaultConfigurationName = Release;
		};
/* End XCConfigurationList section */
	};
	rootObject = C4381C8F2BF1D6B4003BD69C /* Project object */;
}
